
Microsoft Visual Studio Solution File, Format Version 12.00
# Visual Studio Version 16
VisualStudioVersion = 16.0.30413.136
MinimumVisualStudioVersion = 10.0.40219.1
Project("{FAE04EC0-301F-11D3-BF4B-00C04F79EFBC}") = "QLDH", "QLDH\QLDH.csproj", "{F5F1BD26-D802-44FB-A426-C11B963A1376}"
EndProject
Global
	GlobalSection(SolutionConfigurationPlatforms) = preSolution
		Debug|Any CPU = Debug|Any CPU
		Release|Any CPU = Release|Any CPU
	EndGlobalSection
	GlobalSection(ProjectConfigurationPlatforms) = postSolution
		{F5F1BD26-D802-44FB-A426-C11B963A1376}.Debug|Any CPU.ActiveCfg = Debug|Any CPU
		{F5F1BD26-D802-44FB-A426-C11B963A1376}.Debug|Any CPU.Build.0 = Debug|Any CPU
		{F5F1BD26-D802-44FB-A426-C11B963A1376}.Release|Any CPU.ActiveCfg = Release|Any CPU
		{F5F1BD26-D802-44FB-A426-C11B963A1376}.Release|Any CPU.Build.0 = Release|Any CPU
	EndGlobalSection
	GlobalSection(SolutionProperties) = preSolution
		HideSolutionNode = FALSE
	EndGlobalSection
	GlobalSection(ExtensibilityGlobals) = postSolution
		SolutionGuid = {D44F5F06-E4B6-499D-A62B-B00C1EC01F81}
	EndGlobalSection
EndGlobal
